
Microsoft Visual Studio Solution File, Format Version 12.00
# Visual Studio Version 16
VisualStudioVersion = 16.0.30128.74
MinimumVisualStudioVersion = 10.0.40219.1
Project("{9A19103F-16F7-4668-BE54-9A1E7A4F7556}") = "AdaptiveCardMaker", "AdaptiveCardMaker\AdaptiveCardMaker.csproj", "{6B57D479-69FE-48A3-A440-82B1B8C709DE}"
EndProject
Project("{2150E333-8FDC-42A3-9474-1A3956D46DE8}") = "Tests", "Tests", "{EB55E4D7-478C-4CFA-A3BB-464EC9ABB8BF}"
EndProject
Project("{9A19103F-16F7-4668-BE54-9A1E7A4F7556}") = "TestCardConsumer.ConsoleApp", "Tests\TestCardConsumer\TestCardConsumer.ConsoleApp.csproj", "{78EE22D7-56F7-4B18-AA1F-5676BAF2BE59}"
EndProject
Project("{2150E333-8FDC-42A3-9474-1A3956D46DE8}") = ".build", ".build", "{15FB14B7-C565-406A-833E-9CEBEA9E5735}"
	ProjectSection(SolutionItems) = preProject
		..\.gitignore = ..\.gitignore
	EndProjectSection
EndProject
Project("{9A19103F-16F7-4668-BE54-9A1E7A4F7556}") = "TestCardConsumer.CardLibrary", "Tests\TestCardConsumer.CardLibrary\TestCardConsumer.CardLibrary.csproj", "{C7F88E00-EF75-4B57-B39C-DB9120B9B293}"
EndProject
Project("{9A19103F-16F7-4668-BE54-9A1E7A4F7556}") = "SimpleCardConsumer.ConsoleApp", "Tests\SimpleCardConsumer.ConsoleApp\SimpleCardConsumer.ConsoleApp.csproj", "{06C85D8E-EE3E-4DF4-95ED-614F4A42FFC9}"
EndProject
Project("{2150E333-8FDC-42A3-9474-1A3956D46DE8}") = ".docs", ".docs", "{049C5DCA-99A4-4790-ACE1-1F7C4D6997DC}"
	ProjectSection(SolutionItems) = preProject
		..\README.md = ..\README.md
	EndProjectSection
EndProject
Global
	GlobalSection(SolutionConfigurationPlatforms) = preSolution
		Debug|Any CPU = Debug|Any CPU
		Release|Any CPU = Release|Any CPU
	EndGlobalSection
	GlobalSection(ProjectConfigurationPlatforms) = postSolution
		{6B57D479-69FE-48A3-A440-82B1B8C709DE}.Debug|Any CPU.ActiveCfg = Debug|Any CPU
		{6B57D479-69FE-48A3-A440-82B1B8C709DE}.Debug|Any CPU.Build.0 = Debug|Any CPU
		{6B57D479-69FE-48A3-A440-82B1B8C709DE}.Release|Any CPU.ActiveCfg = Release|Any CPU
		{6B57D479-69FE-48A3-A440-82B1B8C709DE}.Release|Any CPU.Build.0 = Release|Any CPU
		{78EE22D7-56F7-4B18-AA1F-5676BAF2BE59}.Debug|Any CPU.ActiveCfg = Debug|Any CPU
		{78EE22D7-56F7-4B18-AA1F-5676BAF2BE59}.Debug|Any CPU.Build.0 = Debug|Any CPU
		{78EE22D7-56F7-4B18-AA1F-5676BAF2BE59}.Release|Any CPU.ActiveCfg = Release|Any CPU
		{78EE22D7-56F7-4B18-AA1F-5676BAF2BE59}.Release|Any CPU.Build.0 = Release|Any CPU
		{C7F88E00-EF75-4B57-B39C-DB9120B9B293}.Debug|Any CPU.ActiveCfg = Debug|Any CPU
		{C7F88E00-EF75-4B57-B39C-DB9120B9B293}.Debug|Any CPU.Build.0 = Debug|Any CPU
		{C7F88E00-EF75-4B57-B39C-DB9120B9B293}.Release|Any CPU.ActiveCfg = Release|Any CPU
		{C7F88E00-EF75-4B57-B39C-DB9120B9B293}.Release|Any CPU.Build.0 = Release|Any CPU
		{06C85D8E-EE3E-4DF4-95ED-614F4A42FFC9}.Debug|Any CPU.ActiveCfg = Debug|Any CPU
		{06C85D8E-EE3E-4DF4-95ED-614F4A42FFC9}.Debug|Any CPU.Build.0 = Debug|Any CPU
		{06C85D8E-EE3E-4DF4-95ED-614F4A42FFC9}.Release|Any CPU.ActiveCfg = Release|Any CPU
		{06C85D8E-EE3E-4DF4-95ED-614F4A42FFC9}.Release|Any CPU.Build.0 = Release|Any CPU
	EndGlobalSection
	GlobalSection(SolutionProperties) = preSolution
		HideSolutionNode = FALSE
	EndGlobalSection
	GlobalSection(NestedProjects) = preSolution
		{78EE22D7-56F7-4B18-AA1F-5676BAF2BE59} = {EB55E4D7-478C-4CFA-A3BB-464EC9ABB8BF}
		{C7F88E00-EF75-4B57-B39C-DB9120B9B293} = {EB55E4D7-478C-4CFA-A3BB-464EC9ABB8BF}
		{06C85D8E-EE3E-4DF4-95ED-614F4A42FFC9} = {EB55E4D7-478C-4CFA-A3BB-464EC9ABB8BF}
	EndGlobalSection
	GlobalSection(ExtensibilityGlobals) = postSolution
		SolutionGuid = {604E2B5F-842D-4F63-80ED-109E1CEDE92A}
	EndGlobalSection
EndGlobal
